
Microsoft Visual Studio Solution File, Format Version 12.00
# Visual Studio Version 17
VisualStudioVersion = 17.6.33815.320
MinimumVisualStudioVersion = 10.0.40219.1
Project("{FAE04EC0-301F-11D3-BF4B-00C04F79EFBC}") = "blacksmithname", "blacksmithname\blacksmithname\blacksmithname.csproj", "{A8D9FBF5-07D2-45DA-8722-B3D93A12EAE2}"
EndProject
Project("{FAE04EC0-301F-11D3-BF4B-00C04F79EFBC}") = "CakeBuild", "blacksmithname\CakeBuild\CakeBuild.csproj", "{37EE1CBE-67E9-43E3-8C86-818C682F7AF2}"
EndProject
Global
	GlobalSection(SolutionConfigurationPlatforms) = preSolution
		Debug|Any CPU = Debug|Any CPU
		Release|Any CPU = Release|Any CPU
	EndGlobalSection
	GlobalSection(ProjectConfigurationPlatforms) = postSolution
		{A8D9FBF5-07D2-45DA-8722-B3D93A12EAE2}.Debug|Any CPU.ActiveCfg = Debug|Any CPU
		{A8D9FBF5-07D2-45DA-8722-B3D93A12EAE2}.Debug|Any CPU.Build.0 = Debug|Any CPU
		{A8D9FBF5-07D2-45DA-8722-B3D93A12EAE2}.Release|Any CPU.ActiveCfg = Release|Any CPU
		{A8D9FBF5-07D2-45DA-8722-B3D93A12EAE2}.Release|Any CPU.Build.0 = Release|Any CPU
		{37EE1CBE-67E9-43E3-8C86-818C682F7AF2}.Debug|Any CPU.ActiveCfg = Debug|Any CPU
		{37EE1CBE-67E9-43E3-8C86-818C682F7AF2}.Debug|Any CPU.Build.0 = Debug|Any CPU
		{37EE1CBE-67E9-43E3-8C86-818C682F7AF2}.Release|Any CPU.ActiveCfg = Release|Any CPU
		{37EE1CBE-67E9-43E3-8C86-818C682F7AF2}.Release|Any CPU.Build.0 = Release|Any CPU
	EndGlobalSection
	GlobalSection(SolutionProperties) = preSolution
		HideSolutionNode = FALSE
	EndGlobalSection
	GlobalSection(ExtensibilityGlobals) = postSolution
		SolutionGuid = {AF7C83B4-0FD7-4CE2-A665-28E41094B19E}
	EndGlobalSection
EndGlobal
